
Microsoft Visual Studio Solution File, Format Version 12.00
# Visual Studio Version 17
VisualStudioVersion = 17.7.34221.43
MinimumVisualStudioVersion = 10.0.40219.1
Project("{9A19103F-16F7-4668-BE54-9A1E7A4F7556}") = "Exo-P148-01", "Exo-P148-01\Exo-P148-01.csproj", "{FAD11C2F-218E-492B-AF0F-F35EBDA87693}"
EndProject
Project("{9A19103F-16F7-4668-BE54-9A1E7A4F7556}") = "Exo-P148-02", "Exo-P148-02\Exo-P148-02.csproj", "{04B6817E-2159-4DE3-ADE7-04BD0AE81E0C}"
EndProject
Project("{9A19103F-16F7-4668-BE54-9A1E7A4F7556}") = "Exo-P148-03", "Exo-P148-03\Exo-P148-03.csproj", "{82432762-7846-4C3F-A4D9-DD550FBEF94C}"
EndProject
Project("{9A19103F-16F7-4668-BE54-9A1E7A4F7556}") = "Exo-P148-04", "Exo-P148-04\Exo-P148-04.csproj", "{8D66F71D-0324-47E5-8A8E-401E338B3EE5}"
EndProject
Project("{9A19103F-16F7-4668-BE54-9A1E7A4F7556}") = "Exo-P148-05", "Exo-P148-05\Exo-P148-05.csproj", "{51D22672-9CDF-4177-A0DD-A83CA17B60CE}"
EndProject
Project("{2150E333-8FDC-42A3-9474-1A3956D46DE8}") = "Exos", "Exos", "{A578F257-F167-413C-A1B8-769846AA1587}"
EndProject
Project("{2150E333-8FDC-42A3-9474-1A3956D46DE8}") = "Démos", "Démos", "{20DED4E4-12B9-4009-9E26-AD11A650FCE5}"
EndProject
Project("{9A19103F-16F7-4668-BE54-9A1E7A4F7556}") = "Demo-Tableau-Taille", "Demo-Tableau-Taille\Demo-Tableau-Taille.csproj", "{99A9B96C-BBC8-4C24-B9D1-ECE4114DFF61}"
EndProject
Project("{9A19103F-16F7-4668-BE54-9A1E7A4F7556}") = "Exo-P164-01", "Exo-P164-01\Exo-P164-01.csproj", "{00157323-FAA2-4484-95B5-58E53F9A59B3}"
EndProject
Project("{9A19103F-16F7-4668-BE54-9A1E7A4F7556}") = "Exo-P164-02", "Exo-P164-02\Exo-P164-02.csproj", "{DA3ED584-38C0-4BA4-9469-4D7A679BB9D7}"
EndProject
Project("{9A19103F-16F7-4668-BE54-9A1E7A4F7556}") = "Exo-P164-03", "Exo-P164-03\Exo-P164-03.csproj", "{9C5A6AE8-8016-4B01-9CD1-0F89A69CE820}"
EndProject
Project("{FAE04EC0-301F-11D3-BF4B-00C04F79EFBC}") = "Demo-Struct", "Demo-Struct\Demo-Struct.csproj", "{602B37AF-06C3-4E4C-B496-6C0E9EFDC497}"
EndProject
Project("{FAE04EC0-301F-11D3-BF4B-00C04F79EFBC}") = "Exo-P171-01", "Exo-P171-01\Exo-P171-01.csproj", "{B4A21512-5854-4CAA-A622-7441A96AB14B}"
EndProject
Project("{FAE04EC0-301F-11D3-BF4B-00C04F79EFBC}") = "Exo-P171-02", "Exo-P171-02\Exo-P171-02.csproj", "{F268A348-3AAC-4A50-AA69-442CFBCB00BE}"
EndProject
Project("{FAE04EC0-301F-11D3-BF4B-00C04F79EFBC}") = "Demo-Methodes", "Demo-Methodes\Demo-Methodes.csproj", "{6F48FD8E-FFCB-4E48-9F53-06D161514489}"
EndProject
Global
	GlobalSection(SolutionConfigurationPlatforms) = preSolution
		Debug|Any CPU = Debug|Any CPU
		Release|Any CPU = Release|Any CPU
	EndGlobalSection
	GlobalSection(ProjectConfigurationPlatforms) = postSolution
		{FAD11C2F-218E-492B-AF0F-F35EBDA87693}.Debug|Any CPU.ActiveCfg = Debug|Any CPU
		{FAD11C2F-218E-492B-AF0F-F35EBDA87693}.Debug|Any CPU.Build.0 = Debug|Any CPU
		{FAD11C2F-218E-492B-AF0F-F35EBDA87693}.Release|Any CPU.ActiveCfg = Release|Any CPU
		{FAD11C2F-218E-492B-AF0F-F35EBDA87693}.Release|Any CPU.Build.0 = Release|Any CPU
		{04B6817E-2159-4DE3-ADE7-04BD0AE81E0C}.Debug|Any CPU.ActiveCfg = Debug|Any CPU
		{04B6817E-2159-4DE3-ADE7-04BD0AE81E0C}.Debug|Any CPU.Build.0 = Debug|Any CPU
		{04B6817E-2159-4DE3-ADE7-04BD0AE81E0C}.Release|Any CPU.ActiveCfg = Release|Any CPU
		{04B6817E-2159-4DE3-ADE7-04BD0AE81E0C}.Release|Any CPU.Build.0 = Release|Any CPU
		{82432762-7846-4C3F-A4D9-DD550FBEF94C}.Debug|Any CPU.ActiveCfg = Debug|Any CPU
		{82432762-7846-4C3F-A4D9-DD550FBEF94C}.Debug|Any CPU.Build.0 = Debug|Any CPU
		{82432762-7846-4C3F-A4D9-DD550FBEF94C}.Release|Any CPU.ActiveCfg = Release|Any CPU
		{82432762-7846-4C3F-A4D9-DD550FBEF94C}.Release|Any CPU.Build.0 = Release|Any CPU
		{8D66F71D-0324-47E5-8A8E-401E338B3EE5}.Debug|Any CPU.ActiveCfg = Debug|Any CPU
		{8D66F71D-0324-47E5-8A8E-401E338B3EE5}.Debug|Any CPU.Build.0 = Debug|Any CPU
		{8D66F71D-0324-47E5-8A8E-401E338B3EE5}.Release|Any CPU.ActiveCfg = Release|Any CPU
		{8D66F71D-0324-47E5-8A8E-401E338B3EE5}.Release|Any CPU.Build.0 = Release|Any CPU
		{51D22672-9CDF-4177-A0DD-A83CA17B60CE}.Debug|Any CPU.ActiveCfg = Debug|Any CPU
		{51D22672-9CDF-4177-A0DD-A83CA17B60CE}.Debug|Any CPU.Build.0 = Debug|Any CPU
		{51D22672-9CDF-4177-A0DD-A83CA17B60CE}.Release|Any CPU.ActiveCfg = Release|Any CPU
		{51D22672-9CDF-4177-A0DD-A83CA17B60CE}.Release|Any CPU.Build.0 = Release|Any CPU
		{99A9B96C-BBC8-4C24-B9D1-ECE4114DFF61}.Debug|Any CPU.ActiveCfg = Debug|Any CPU
		{99A9B96C-BBC8-4C24-B9D1-ECE4114DFF61}.Debug|Any CPU.Build.0 = Debug|Any CPU
		{99A9B96C-BBC8-4C24-B9D1-ECE4114DFF61}.Release|Any CPU.ActiveCfg = Release|Any CPU
		{99A9B96C-BBC8-4C24-B9D1-ECE4114DFF61}.Release|Any CPU.Build.0 = Release|Any CPU
		{00157323-FAA2-4484-95B5-58E53F9A59B3}.Debug|Any CPU.ActiveCfg = Debug|Any CPU
		{00157323-FAA2-4484-95B5-58E53F9A59B3}.Debug|Any CPU.Build.0 = Debug|Any CPU
		{00157323-FAA2-4484-95B5-58E53F9A59B3}.Release|Any CPU.ActiveCfg = Release|Any CPU
		{00157323-FAA2-4484-95B5-58E53F9A59B3}.Release|Any CPU.Build.0 = Release|Any CPU
		{DA3ED584-38C0-4BA4-9469-4D7A679BB9D7}.Debug|Any CPU.ActiveCfg = Debug|Any CPU
		{DA3ED584-38C0-4BA4-9469-4D7A679BB9D7}.Debug|Any CPU.Build.0 = Debug|Any CPU
		{DA3ED584-38C0-4BA4-9469-4D7A679BB9D7}.Release|Any CPU.ActiveCfg = Release|Any CPU
		{DA3ED584-38C0-4BA4-9469-4D7A679BB9D7}.Release|Any CPU.Build.0 = Release|Any CPU
		{9C5A6AE8-8016-4B01-9CD1-0F89A69CE820}.Debug|Any CPU.ActiveCfg = Debug|Any CPU
		{9C5A6AE8-8016-4B01-9CD1-0F89A69CE820}.Debug|Any CPU.Build.0 = Debug|Any CPU
		{9C5A6AE8-8016-4B01-9CD1-0F89A69CE820}.Release|Any CPU.ActiveCfg = Release|Any CPU
		{9C5A6AE8-8016-4B01-9CD1-0F89A69CE820}.Release|Any CPU.Build.0 = Release|Any CPU
		{602B37AF-06C3-4E4C-B496-6C0E9EFDC497}.Debug|Any CPU.ActiveCfg = Debug|Any CPU
		{602B37AF-06C3-4E4C-B496-6C0E9EFDC497}.Debug|Any CPU.Build.0 = Debug|Any CPU
		{602B37AF-06C3-4E4C-B496-6C0E9EFDC497}.Release|Any CPU.ActiveCfg = Release|Any CPU
		{602B37AF-06C3-4E4C-B496-6C0E9EFDC497}.Release|Any CPU.Build.0 = Release|Any CPU
		{B4A21512-5854-4CAA-A622-7441A96AB14B}.Debug|Any CPU.ActiveCfg = Debug|Any CPU
		{B4A21512-5854-4CAA-A622-7441A96AB14B}.Debug|Any CPU.Build.0 = Debug|Any CPU
		{B4A21512-5854-4CAA-A622-7441A96AB14B}.Release|Any CPU.ActiveCfg = Release|Any CPU
		{B4A21512-5854-4CAA-A622-7441A96AB14B}.Release|Any CPU.Build.0 = Release|Any CPU
		{F268A348-3AAC-4A50-AA69-442CFBCB00BE}.Debug|Any CPU.ActiveCfg = Debug|Any CPU
		{F268A348-3AAC-4A50-AA69-442CFBCB00BE}.Debug|Any CPU.Build.0 = Debug|Any CPU
		{F268A348-3AAC-4A50-AA69-442CFBCB00BE}.Release|Any CPU.ActiveCfg = Release|Any CPU
		{F268A348-3AAC-4A50-AA69-442CFBCB00BE}.Release|Any CPU.Build.0 = Release|Any CPU
		{6F48FD8E-FFCB-4E48-9F53-06D161514489}.Debug|Any CPU.ActiveCfg = Debug|Any CPU
		{6F48FD8E-FFCB-4E48-9F53-06D161514489}.Debug|Any CPU.Build.0 = Debug|Any CPU
		{6F48FD8E-FFCB-4E48-9F53-06D161514489}.Release|Any CPU.ActiveCfg = Release|Any CPU
		{6F48FD8E-FFCB-4E48-9F53-06D161514489}.Release|Any CPU.Build.0 = Release|Any CPU
	EndGlobalSection
	GlobalSection(SolutionProperties) = preSolution
		HideSolutionNode = FALSE
	EndGlobalSection
	GlobalSection(NestedProjects) = preSolution
		{FAD11C2F-218E-492B-AF0F-F35EBDA87693} = {A578F257-F167-413C-A1B8-769846AA1587}
		{04B6817E-2159-4DE3-ADE7-04BD0AE81E0C} = {A578F257-F167-413C-A1B8-769846AA1587}
		{82432762-7846-4C3F-A4D9-DD550FBEF94C} = {A578F257-F167-413C-A1B8-769846AA1587}
		{8D66F71D-0324-47E5-8A8E-401E338B3EE5} = {A578F257-F167-413C-A1B8-769846AA1587}
		{51D22672-9CDF-4177-A0DD-A83CA17B60CE} = {A578F257-F167-413C-A1B8-769846AA1587}
		{99A9B96C-BBC8-4C24-B9D1-ECE4114DFF61} = {20DED4E4-12B9-4009-9E26-AD11A650FCE5}
		{00157323-FAA2-4484-95B5-58E53F9A59B3} = {A578F257-F167-413C-A1B8-769846AA1587}
		{DA3ED584-38C0-4BA4-9469-4D7A679BB9D7} = {A578F257-F167-413C-A1B8-769846AA1587}
		{9C5A6AE8-8016-4B01-9CD1-0F89A69CE820} = {A578F257-F167-413C-A1B8-769846AA1587}
		{602B37AF-06C3-4E4C-B496-6C0E9EFDC497} = {20DED4E4-12B9-4009-9E26-AD11A650FCE5}
		{B4A21512-5854-4CAA-A622-7441A96AB14B} = {A578F257-F167-413C-A1B8-769846AA1587}
		{F268A348-3AAC-4A50-AA69-442CFBCB00BE} = {A578F257-F167-413C-A1B8-769846AA1587}
		{6F48FD8E-FFCB-4E48-9F53-06D161514489} = {20DED4E4-12B9-4009-9E26-AD11A650FCE5}
	EndGlobalSection
	GlobalSection(ExtensibilityGlobals) = postSolution
		SolutionGuid = {141228DE-F77C-441A-B174-AA8D472DCA45}
	EndGlobalSection
EndGlobal
